
Microsoft Visual Studio Solution File, Format Version 12.00
# Visual Studio Version 17
VisualStudioVersion = 17.2.32519.379
MinimumVisualStudioVersion = 10.0.40219.1
Project("{FAE04EC0-301F-11D3-BF4B-00C04F79EFBC}") = "Tester", "Tester\Tester.csproj", "{2243CA93-DD4F-44E9-B663-13AF90690686}"
EndProject
Global
	GlobalSection(SolutionConfigurationPlatforms) = preSolution
		Debug|Any CPU = Debug|Any CPU
		Release|Any CPU = Release|Any CPU
	EndGlobalSection
	GlobalSection(ProjectConfigurationPlatforms) = postSolution
		{2243CA93-DD4F-44E9-B663-13AF90690686}.Debug|Any CPU.ActiveCfg = Debug|Any CPU
		{2243CA93-DD4F-44E9-B663-13AF90690686}.Debug|Any CPU.Build.0 = Debug|Any CPU
		{2243CA93-DD4F-44E9-B663-13AF90690686}.Release|Any CPU.ActiveCfg = Release|Any CPU
		{2243CA93-DD4F-44E9-B663-13AF90690686}.Release|Any CPU.Build.0 = Release|Any CPU
	EndGlobalSection
	GlobalSection(SolutionProperties) = preSolution
		HideSolutionNode = FALSE
	EndGlobalSection
	GlobalSection(ExtensibilityGlobals) = postSolution
		SolutionGuid = {88746501-31B5-4473-9766-F8AE94FFDA49}
	EndGlobalSection
EndGlobal
